
Microsoft Visual Studio Solution File, Format Version 12.00
# Visual Studio 15
VisualStudioVersion = 15.0.27130.2026
MinimumVisualStudioVersion = 10.0.40219.1
Project("{FAE04EC0-301F-11D3-BF4B-00C04F79EFBC}") = "AppAsService", "AppAsService\AppAsService.csproj", "{0EE8AD5E-3B2A-4D55-9983-AA27B977DFB8}"
EndProject
Global
	GlobalSection(SolutionConfigurationPlatforms) = preSolution
		Debug|Any CPU = Debug|Any CPU
		Release|Any CPU = Release|Any CPU
	EndGlobalSection
	GlobalSection(ProjectConfigurationPlatforms) = postSolution
		{0EE8AD5E-3B2A-4D55-9983-AA27B977DFB8}.Debug|Any CPU.ActiveCfg = Debug|Any CPU
		{0EE8AD5E-3B2A-4D55-9983-AA27B977DFB8}.Debug|Any CPU.Build.0 = Debug|Any CPU
		{0EE8AD5E-3B2A-4D55-9983-AA27B977DFB8}.Debug|Any CPU.Deploy.0 = Debug|Any CPU
		{0EE8AD5E-3B2A-4D55-9983-AA27B977DFB8}.Release|Any CPU.ActiveCfg = Release|Any CPU
		{0EE8AD5E-3B2A-4D55-9983-AA27B977DFB8}.Release|Any CPU.Build.0 = Release|Any CPU
		{0EE8AD5E-3B2A-4D55-9983-AA27B977DFB8}.Release|Any CPU.Deploy.0 = Release|Any CPU
	EndGlobalSection
	GlobalSection(SolutionProperties) = preSolution
		HideSolutionNode = FALSE
	EndGlobalSection
	GlobalSection(ExtensibilityGlobals) = postSolution
		SolutionGuid = {22E99EA4-B203-4821-8159-D55265654F30}
	EndGlobalSection
EndGlobal
